// !$*UTF8*$!
{
	archiveVersion = 1;
	classes = {
	};
	objectVersion = 46;
	objects = {

/* Begin PBXBuildFile section */
		1D9437DB04BD0E87ACE4A058 /* libPods.a in Frameworks */ = {isa = PBXBuildFile; fileRef = BDAA17A018E09EEC66B4EECB /* libPods.a */; };
		F72587C51CF416350006281C /* NSLabel.m in Sources */ = {isa = PBXBuildFile; fileRef = F72587C41CF416350006281C /* NSLabel.m */; };
		F7B3BC381CF02C20007C0957 /* DownloadCenter.m in Sources */ = {isa = PBXBuildFile; fileRef = F7B3BC371CF02C20007C0957 /* DownloadCenter.m */; };
		F7B3BC3B1CF0361D007C0957 /* NSString+URLEncode.m in Sources */ = {isa = PBXBuildFile; fileRef = F7B3BC3A1CF0361D007C0957 /* NSString+URLEncode.m */; };
		F7C12C2C1CEED0C90080B80A /* AppDelegate.m in Sources */ = {isa = PBXBuildFile; fileRef = F7C12C2B1CEED0C90080B80A /* AppDelegate.m */; };
		F7C12C2F1CEED0C90080B80A /* main.m in Sources */ = {isa = PBXBuildFile; fileRef = F7C12C2E1CEED0C90080B80A /* main.m */; };
		F7C12C321CEED0C90080B80A /* ViewController.m in Sources */ = {isa = PBXBuildFile; fileRef = F7C12C311CEED0C90080B80A /* ViewController.m */; };
		F7C12C341CEED0C90080B80A /* Assets.xcassets in Resources */ = {isa = PBXBuildFile; fileRef = F7C12C331CEED0C90080B80A /* Assets.xcassets */; };
		F7C12C371CEED0C90080B80A /* Main.storyboard in Resources */ = {isa = PBXBuildFile; fileRef = F7C12C351CEED0C90080B80A /* Main.storyboard */; };
/* End PBXBuildFile section */

/* Begin PBXFileReference section */
		73AED69683F38AD874CE8AB2 /* Pods.release.xcconfig */ = {isa = PBXFileReference; includeInIndex = 1; lastKnownFileType = text.xcconfig; name = Pods.release.xcconfig; path = "Pods/Target Support Files/Pods/Pods.release.xcconfig"; sourceTree = "<group>"; };
		806916A2B92C6D5C30C47FCF /* Pods.debug.xcconfig */ = {isa = PBXFileReference; includeInIndex = 1; lastKnownFileType = text.xcconfig; name = Pods.debug.xcconfig; path = "Pods/Target Support Files/Pods/Pods.debug.xcconfig"; sourceTree = "<group>"; };
		BDAA17A018E09EEC66B4EECB /* libPods.a */ = {isa = PBXFileReference; explicitFileType = archive.ar; includeInIndex = 0; path = libPods.a; sourceTree = BUILT_PRODUCTS_DIR; };
		F72587C31CF416350006281C /* NSLabel.h */ = {isa = PBXFileReference; fileEncoding = 4; lastKnownFileType = sourcecode.c.h; path = NSLabel.h; sourceTree = "<group>"; };
		F72587C41CF416350006281C /* NSLabel.m */ = {isa = PBXFileReference; fileEncoding = 4; lastKnownFileType = sourcecode.c.objc; path = NSLabel.m; sourceTree = "<group>"; };
		F77734041CF6B1F000314484 /* AppDefines.h */ = {isa = PBXFileReference; fileEncoding = 4; lastKnownFileType = sourcecode.c.h; path = AppDefines.h; sourceTree = "<group>"; };
		F7B3BC361CF02C20007C0957 /* DownloadCenter.h */ = {isa = PBXFileReference; fileEncoding = 4; lastKnownFileType = sourcecode.c.h; path = DownloadCenter.h; sourceTree = "<group>"; };
		F7B3BC371CF02C20007C0957 /* DownloadCenter.m */ = {isa = PBXFileReference; fileEncoding = 4; lastKnownFileType = sourcecode.c.objc; path = DownloadCenter.m; sourceTree = "<group>"; };
		F7B3BC391CF0361D007C0957 /* NSString+URLEncode.h */ = {isa = PBXFileReference; fileEncoding = 4; lastKnownFileType = sourcecode.c.h; path = "NSString+URLEncode.h"; sourceTree = "<group>"; };
		F7B3BC3A1CF0361D007C0957 /* NSString+URLEncode.m */ = {isa = PBXFileReference; fileEncoding = 4; lastKnownFileType = sourcecode.c.objc; path = "NSString+URLEncode.m"; sourceTree = "<group>"; };
		F7C12C271CEED0C90080B80A /* TumblrDownload.app */ = {isa = PBXFileReference; explicitFileType = wrapper.application; includeInIndex = 0; path = TumblrDownload.app; sourceTree = BUILT_PRODUCTS_DIR; };
		F7C12C2A1CEED0C90080B80A /* AppDelegate.h */ = {isa = PBXFileReference; lastKnownFileType = sourcecode.c.h; path = AppDelegate.h; sourceTree = "<group>"; };
		F7C12C2B1CEED0C90080B80A /* AppDelegate.m */ = {isa = PBXFileReference; lastKnownFileType = sourcecode.c.objc; path = AppDelegate.m; sourceTree = "<group>"; };
		F7C12C2E1CEED0C90080B80A /* main.m */ = {isa = PBXFileReference; lastKnownFileType = sourcecode.c.objc; path = main.m; sourceTree = "<group>"; };
		F7C12C301CEED0C90080B80A /* ViewController.h */ = {isa = PBXFileReference; lastKnownFileType = sourcecode.c.h; path = ViewController.h; sourceTree = "<group>"; };
		F7C12C311CEED0C90080B80A /* ViewController.m */ = {isa = PBXFileReference; lastKnownFileType = sourcecode.c.objc; path = ViewController.m; sourceTree = "<group>"; };
		F7C12C331CEED0C90080B80A /* Assets.xcassets */ = {isa = PBXFileReference; lastKnownFileType = folder.assetcatalog; path = Assets.xcassets; sourceTree = "<group>"; };
		F7C12C361CEED0C90080B80A /* Base */ = {isa = PBXFileReference; lastKnownFileType = file.storyboard; name = Base; path = Base.lproj/Main.storyboard; sourceTree = "<group>"; };
		F7C12C381CEED0C90080B80A /* Info.plist */ = {isa = PBXFileReference; lastKnownFileType = text.plist.xml; path = Info.plist; sourceTree = "<group>"; };
/* End PBXFileReference section */

/* Begin PBXFrameworksBuildPhase section */
		F7C12C241CEED0C90080B80A /* Frameworks */ = {
			isa = PBXFrameworksBuildPhase;
			buildActionMask = 2147483647;
			files = (
				1D9437DB04BD0E87ACE4A058 /* libPods.a in Frameworks */,
			);
			runOnlyForDeploymentPostprocessing = 0;
		};
/* End PBXFrameworksBuildPhase section */

/* Begin PBXGroup section */
		52A6CECF7E761330B2A9DE5E /* Pods */ = {
			isa = PBXGroup;
			children = (
				806916A2B92C6D5C30C47FCF /* Pods.debug.xcconfig */,
				73AED69683F38AD874CE8AB2 /* Pods.release.xcconfig */,
			);
			name = Pods;
			sourceTree = "<group>";
		};
		F7C12C1E1CEED0C90080B80A = {
			isa = PBXGroup;
			children = (
				F7C12C291CEED0C90080B80A /* TumblrDownload */,
				F7C12C281CEED0C90080B80A /* Products */,
				52A6CECF7E761330B2A9DE5E /* Pods */,
				F8EA64E51719286F7D7DCFD9 /* Frameworks */,
			);
			sourceTree = "<group>";
		};
		F7C12C281CEED0C90080B80A /* Products */ = {
			isa = PBXGroup;
			children = (
				F7C12C271CEED0C90080B80A /* TumblrDownload.app */,
			);
			name = Products;
			sourceTree = "<group>";
		};
		F7C12C291CEED0C90080B80A /* TumblrDownload */ = {
			isa = PBXGroup;
			children = (
				F7C12C2A1CEED0C90080B80A /* AppDelegate.h */,
				F7C12C2B1CEED0C90080B80A /* AppDelegate.m */,
				F7C12C301CEED0C90080B80A /* ViewController.h */,
				F7C12C311CEED0C90080B80A /* ViewController.m */,
				F7B3BC361CF02C20007C0957 /* DownloadCenter.h */,
				F7B3BC371CF02C20007C0957 /* DownloadCenter.m */,
				F7B3BC391CF0361D007C0957 /* NSString+URLEncode.h */,
				F7B3BC3A1CF0361D007C0957 /* NSString+URLEncode.m */,
				F72587C31CF416350006281C /* NSLabel.h */,
				F72587C41CF416350006281C /* NSLabel.m */,
				F77734041CF6B1F000314484 /* AppDefines.h */,
				F7C12C331CEED0C90080B80A /* Assets.xcassets */,
				F7C12C351CEED0C90080B80A /* Main.storyboard */,
				F7C12C381CEED0C90080B80A /* Info.plist */,
				F7C12C2D1CEED0C90080B80A /* Supporting Files */,
			);
			path = TumblrDownload;
			sourceTree = "<group>";
		};
		F7C12C2D1CEED0C90080B80A /* Supporting Files */ = {
			isa = PBXGroup;
			children = (
				F7C12C2E1CEED0C90080B80A /* main.m */,
			);
			name = "Supporting Files";
			sourceTree = "<group>";
		};
		F8EA64E51719286F7D7DCFD9 /* Frameworks */ = {
			isa = PBXGroup;
			children = (
				BDAA17A018E09EEC66B4EECB /* libPods.a */,
			);
			name = Frameworks;
			sourceTree = "<group>";
		};
/* End PBXGroup section */

/* Begin PBXNativeTarget section */
		F7C12C261CEED0C90080B80A /* TumblrDownload */ = {
			isa = PBXNativeTarget;
			buildConfigurationList = F7C12C3B1CEED0C90080B80A /* Build configuration list for PBXNativeTarget "TumblrDownload" */;
			buildPhases = (
				AF624823ACF81554CE5F028E /* Check Pods Manifest.lock */,
				F7C12C231CEED0C90080B80A /* Sources */,
				F7C12C241CEED0C90080B80A /* Frameworks */,
				F7C12C251CEED0C90080B80A /* Resources */,
				AEBA73924723EBF861F53E6A /* Embed Pods Frameworks */,
				001C356FBAE84B53C560B557 /* Copy Pods Resources */,
			);
			buildRules = (
			);
			dependencies = (
			);
			name = TumblrDownload;
			productName = TumblrDownload;
			productReference = F7C12C271CEED0C90080B80A /* TumblrDownload.app */;
			productType = "com.apple.product-type.application";
		};
/* End PBXNativeTarget section */

/* Begin PBXProject section */
		F7C12C1F1CEED0C90080B80A /* Project object */ = {
			isa = PBXProject;
			attributes = {
				LastUpgradeCheck = 0730;
				TargetAttributes = {
					F7C12C261CEED0C90080B80A = {
						CreatedOnToolsVersion = 7.3.1;
					};
				};
			};
			buildConfigurationList = F7C12C221CEED0C90080B80A /* Build configuration list for PBXProject "TumblrDownload" */;
			compatibilityVersion = "Xcode 3.2";
			developmentRegion = English;
			hasScannedForEncodings = 0;
			knownRegions = (
				en,
				Base,
			);
			mainGroup = F7C12C1E1CEED0C90080B80A;
			productRefGroup = F7C12C281CEED0C90080B80A /* Products */;
			projectDirPath = "";
			projectRoot = "";
			targets = (
				F7C12C261CEED0C90080B80A /* TumblrDownload */,
			);
		};
/* End PBXProject section */

/* Begin PBXResourcesBuildPhase section */
		F7C12C251CEED0C90080B80A /* Resources */ = {
			isa = PBXResourcesBuildPhase;
			buildActionMask = 2147483647;
			files = (
				F7C12C341CEED0C90080B80A /* Assets.xcassets in Resources */,
				F7C12C371CEED0C90080B80A /* Main.storyboard in Resources */,
			);
			runOnlyForDeploymentPostprocessing = 0;
		};
/* End PBXResourcesBuildPhase section */

/* Begin PBXShellScriptBuildPhase section */
		001C356FBAE84B53C560B557 /* Copy Pods Resources */ = {
			isa = PBXShellScriptBuildPhase;
			buildActionMask = 2147483647;
			files = (
			);
			inputPaths = (
			);
			name = "Copy Pods Resources";
			outputPaths = (
			);
			runOnlyForDeploymentPostprocessing = 0;
			shellPath = /bin/sh;
			shellScript = "\"${SRCROOT}/Pods/Target Support Files/Pods/Pods-resources.sh\"\n";
			showEnvVarsInLog = 0;
		};
		AEBA73924723EBF861F53E6A /* Embed Pods Frameworks */ = {
			isa = PBXShellScriptBuildPhase;
			buildActionMask = 2147483647;
			files = (
			);
			inputPaths = (
			);
			name = "Embed Pods Frameworks";
			outputPaths = (
			);
			runOnlyForDeploymentPostprocessing = 0;
			shellPath = /bin/sh;
			shellScript = "\"${SRCROOT}/Pods/Target Support Files/Pods/Pods-frameworks.sh\"\n";
			showEnvVarsInLog = 0;
		};
		AF624823ACF81554CE5F028E /* Check Pods Manifest.lock */ = {
			isa = PBXShellScriptBuildPhase;
			buildActionMask = 2147483647;
			files = (
			);
			inputPaths = (
			);
			name = "Check Pods Manifest.lock";
			outputPaths = (
			);
			runOnlyForDeploymentPostprocessing = 0;
			shellPath = /bin/sh;
			shellScript = "diff \"${PODS_ROOT}/../Podfile.lock\" \"${PODS_ROOT}/Manifest.lock\" > /dev/null\nif [[ $? != 0 ]] ; then\n    cat << EOM\nerror: The sandbox is not in sync with the Podfile.lock. Run 'pod install' or update your CocoaPods installation.\nEOM\n    exit 1\nfi\n";
			showEnvVarsInLog = 0;
		};
/* End PBXShellScriptBuildPhase section */

/* Begin PBXSourcesBuildPhase section */
		F7C12C231CEED0C90080B80A /* Sources */ = {
			isa = PBXSourcesBuildPhase;
			buildActionMask = 2147483647;
			files = (
				F7B3BC381CF02C20007C0957 /* DownloadCenter.m in Sources */,
				F7C12C321CEED0C90080B80A /* ViewController.m in Sources */,
				F7C12C2F1CEED0C90080B80A /* main.m in Sources */,
				F7C12C2C1CEED0C90080B80A /* AppDelegate.m in Sources */,
				F7B3BC3B1CF0361D007C0957 /* NSString+URLEncode.m in Sources */,
				F72587C51CF416350006281C /* NSLabel.m in Sources */,
			);
			runOnlyForDeploymentPostprocessing = 0;
		};
/* End PBXSourcesBuildPhase section */

/* Begin PBXVariantGroup section */
		F7C12C351CEED0C90080B80A /* Main.storyboard */ = {
			isa = PBXVariantGroup;
			children = (
				F7C12C361CEED0C90080B80A /* Base */,
			);
			name = Main.storyboard;
			sourceTree = "<group>";
		};
/* End PBXVariantGroup section */

/* Begin XCBuildConfiguration section */
		F7C12C391CEED0C90080B80A /* Debug */ = {
			isa = XCBuildConfiguration;
			buildSettings = {
				ALWAYS_SEARCH_USER_PATHS = NO;
				CLANG_ANALYZER_NONNULL = YES;
				CLANG_CXX_LANGUAGE_STANDARD = "gnu++0x";
				CLANG_CXX_LIBRARY = "libc++";
				CLANG_ENABLE_MODULES = YES;
				CLANG_ENABLE_OBJC_ARC = YES;
				CLANG_WARN_BOOL_CONVERSION = YES;
				CLANG_WARN_CONSTANT_CONVERSION = YES;
				CLANG_WARN_DIRECT_OBJC_ISA_USAGE = YES_ERROR;
				CLANG_WARN_EMPTY_BODY = YES;
				CLANG_WARN_ENUM_CONVERSION = YES;
				CLANG_WARN_INT_CONVERSION = YES;
				CLANG_WARN_OBJC_ROOT_CLASS = YES_ERROR;
				CLANG_WARN_UNREACHABLE_CODE = YES;
				CLANG_WARN__DUPLICATE_METHOD_MATCH = YES;
				CODE_SIGN_IDENTITY = "-";
				COPY_PHASE_STRIP = NO;
				DEBUG_INFORMATION_FORMAT = dwarf;
				ENABLE_STRICT_OBJC_MSGSEND = YES;
				ENABLE_TESTABILITY = YES;
				GCC_C_LANGUAGE_STANDARD = gnu99;
				GCC_DYNAMIC_NO_PIC = NO;
				GCC_NO_COMMON_BLOCKS = YES;
				GCC_OPTIMIZATION_LEVEL = 0;
				GCC_PREPROCESSOR_DEFINITIONS = (
					"DEBUG=1",
					"$(inherited)",
				);
				GCC_WARN_64_TO_32_BIT_CONVERSION = YES;
				GCC_WARN_ABOUT_RETURN_TYPE = YES_ERROR;
				GCC_WARN_UNDECLARED_SELECTOR = YES;
				GCC_WARN_UNINITIALIZED_AUTOS = YES_AGGRESSIVE;
				GCC_WARN_UNUSED_FUNCTION = YES;
				GCC_WARN_UNUSED_VARIABLE = YES;
				MACOSX_DEPLOYMENT_TARGET = 10.11;
				MTL_ENABLE_DEBUG_INFO = YES;
				ONLY_ACTIVE_ARCH = YES;
				SDKROOT = macosx;
			};
			name = Debug;
		};
		F7C12C3A1CEED0C90080B80A /* Release */ = {
			isa = XCBuildConfiguration;
			buildSettings = {
				ALWAYS_SEARCH_USER_PATHS = NO;
				CLANG_ANALYZER_NONNULL = YES;
				CLANG_CXX_LANGUAGE_STANDARD = "gnu++0x";
				CLANG_CXX_LIBRARY = "libc++";
				CLANG_ENABLE_MODULES = YES;
				CLANG_ENABLE_OBJC_ARC = YES;
				CLANG_WARN_BOOL_CONVERSION = YES;
				CLANG_WARN_CONSTANT_CONVERSION = YES;
				CLANG_WARN_DIRECT_OBJC_ISA_USAGE = YES_ERROR;
				CLANG_WARN_EMPTY_BODY = YES;
				CLANG_WARN_ENUM_CONVERSION = YES;
				CLANG_WARN_INT_CONVERSION = YES;
				CLANG_WARN_OBJC_ROOT_CLASS = YES_ERROR;
				CLANG_WARN_UNREACHABLE_CODE = YES;
				CLANG_WARN__DUPLICATE_METHOD_MATCH = YES;
				CODE_SIGN_IDENTITY = "-";
				COPY_PHASE_STRIP = NO;
				DEBUG_INFORMATION_FORMAT = "dwarf-with-dsym";
				ENABLE_NS_ASSERTIONS = NO;
				ENABLE_STRICT_OBJC_MSGSEND = YES;
				GCC_C_LANGUAGE_STANDARD = gnu99;
				GCC_NO_COMMON_BLOCKS = YES;
				GCC_WARN_64_TO_32_BIT_CONVERSION = YES;
				GCC_WARN_ABOUT_RETURN_TYPE = YES_ERROR;
				GCC_WARN_UNDECLARED_SELECTOR = YES;
				GCC_WARN_UNINITIALIZED_AUTOS = YES_AGGRESSIVE;
				GCC_WARN_UNUSED_FUNCTION = YES;
				GCC_WARN_UNUSED_VARIABLE = YES;
				MACOSX_DEPLOYMENT_TARGET = 10.11;
				MTL_ENABLE_DEBUG_INFO = NO;
				SDKROOT = macosx;
			};
			name = Release;
		};
		F7C12C3C1CEED0C90080B80A /* Debug */ = {
			isa = XCBuildConfiguration;
			baseConfigurationReference = 806916A2B92C6D5C30C47FCF /* Pods.debug.xcconfig */;
			buildSettings = {
				ASSETCATALOG_COMPILER_APPICON_NAME = AppIcon;
				COMBINE_HIDPI_IMAGES = YES;
				INFOPLIST_FILE = TumblrDownload/Info.plist;
				LD_RUNPATH_SEARCH_PATHS = "$(inherited) @executable_path/../Frameworks";
				PRODUCT_BUNDLE_IDENTIFIER = jacul.TumblrDownload;
				PRODUCT_NAME = "$(TARGET_NAME)";
			};
			name = Debug;
		};
		F7C12C3D1CEED0C90080B80A /* Release */ = {
			isa = XCBuildConfiguration;
			baseConfigurationReference = 73AED69683F38AD874CE8AB2 /* Pods.release.xcconfig */;
			buildSettings = {
				ASSETCATALOG_COMPILER_APPICON_NAME = AppIcon;
				COMBINE_HIDPI_IMAGES = YES;
				INFOPLIST_FILE = TumblrDownload/Info.plist;
				LD_RUNPATH_SEARCH_PATHS = "$(inherited) @executable_path/../Frameworks";
				PRODUCT_BUNDLE_IDENTIFIER = jacul.TumblrDownload;
				PRODUCT_NAME = "$(TARGET_NAME)";
			};
			name = Release;
		};
/* End XCBuildConfiguration section */

/* Begin XCConfigurationList section */
		F7C12C221CEED0C90080B80A /* Build configuration list for PBXProject "TumblrDownload" */ = {
			isa = XCConfigurationList;
			buildConfigurations = (
				F7C12C391CEED0C90080B80A /* Debug */,
				F7C12C3A1CEED0C90080B80A /* Release */,
			);
			defaultConfigurationIsVisible = 0;
			defaultConfigurationName = Release;
		};
		F7C12C3B1CEED0C90080B80A /* Build configuration list for PBXNativeTarget "TumblrDownload" */ = {
			isa = XCConfigurationList;
			buildConfigurations = (
				F7C12C3C1CEED0C90080B80A /* Debug */,
				F7C12C3D1CEED0C90080B80A /* Release */,
			);
			defaultConfigurationIsVisible = 0;
			defaultConfigurationName = Release;
		};
/* End XCConfigurationList section */
	};
	rootObject = F7C12C1F1CEED0C90080B80A /* Project object */;
}
